
Microsoft Visual Studio Solution File, Format Version 12.00
# Visual Studio Version 17
VisualStudioVersion = 17.13.35919.96
MinimumVisualStudioVersion = 10.0.40219.1
Project("{FAE04EC0-301F-11D3-BF4B-00C04F79EFBC}") = "WebApi", "WebApi\WebApi.csproj", "{17CADB15-88C8-4900-AE5D-2D1E669ACD90}"
EndProject
Project("{FAE04EC0-301F-11D3-BF4B-00C04F79EFBC}") = "WindowsForms", "WindowsForms\WindowsForms.csproj", "{71FC0225-C81D-452B-897B-94624689F2FE}"
EndProject
Project("{FAE04EC0-301F-11D3-BF4B-00C04F79EFBC}") = "Domain", "Domain\Domain.csproj", "{FFD4FBE8-DFA6-4D9A-9196-E3590CC3FB61}"
EndProject
Project("{FAE04EC0-301F-11D3-BF4B-00C04F79EFBC}") = "ApplicationClean", "Application\ApplicationClean.csproj", "{BDF22468-F321-4570-9022-7EA29D606F33}"
EndProject
Project("{FAE04EC0-301F-11D3-BF4B-00C04F79EFBC}") = "Infrastructure", "Infrastructure\Infrastructure.csproj", "{65C5D162-E611-4F6E-90EA-3BD2CA92E6CF}"
EndProject
Global
	GlobalSection(SolutionConfigurationPlatforms) = preSolution
		Debug|Any CPU = Debug|Any CPU
		Release|Any CPU = Release|Any CPU
	EndGlobalSection
	GlobalSection(ProjectConfigurationPlatforms) = postSolution
		{17CADB15-88C8-4900-AE5D-2D1E669ACD90}.Debug|Any CPU.ActiveCfg = Debug|Any CPU
		{17CADB15-88C8-4900-AE5D-2D1E669ACD90}.Debug|Any CPU.Build.0 = Debug|Any CPU
		{17CADB15-88C8-4900-AE5D-2D1E669ACD90}.Release|Any CPU.ActiveCfg = Release|Any CPU
		{17CADB15-88C8-4900-AE5D-2D1E669ACD90}.Release|Any CPU.Build.0 = Release|Any CPU
		{71FC0225-C81D-452B-897B-94624689F2FE}.Debug|Any CPU.ActiveCfg = Debug|Any CPU
		{71FC0225-C81D-452B-897B-94624689F2FE}.Debug|Any CPU.Build.0 = Debug|Any CPU
		{71FC0225-C81D-452B-897B-94624689F2FE}.Release|Any CPU.ActiveCfg = Release|Any CPU
		{71FC0225-C81D-452B-897B-94624689F2FE}.Release|Any CPU.Build.0 = Release|Any CPU
		{FFD4FBE8-DFA6-4D9A-9196-E3590CC3FB61}.Debug|Any CPU.ActiveCfg = Debug|Any CPU
		{FFD4FBE8-DFA6-4D9A-9196-E3590CC3FB61}.Debug|Any CPU.Build.0 = Debug|Any CPU
		{FFD4FBE8-DFA6-4D9A-9196-E3590CC3FB61}.Release|Any CPU.ActiveCfg = Release|Any CPU
		{FFD4FBE8-DFA6-4D9A-9196-E3590CC3FB61}.Release|Any CPU.Build.0 = Release|Any CPU
		{BDF22468-F321-4570-9022-7EA29D606F33}.Debug|Any CPU.ActiveCfg = Debug|Any CPU
		{BDF22468-F321-4570-9022-7EA29D606F33}.Debug|Any CPU.Build.0 = Debug|Any CPU
		{BDF22468-F321-4570-9022-7EA29D606F33}.Release|Any CPU.ActiveCfg = Release|Any CPU
		{BDF22468-F321-4570-9022-7EA29D606F33}.Release|Any CPU.Build.0 = Release|Any CPU
		{65C5D162-E611-4F6E-90EA-3BD2CA92E6CF}.Debug|Any CPU.ActiveCfg = Debug|Any CPU
		{65C5D162-E611-4F6E-90EA-3BD2CA92E6CF}.Debug|Any CPU.Build.0 = Debug|Any CPU
		{65C5D162-E611-4F6E-90EA-3BD2CA92E6CF}.Release|Any CPU.ActiveCfg = Release|Any CPU
		{65C5D162-E611-4F6E-90EA-3BD2CA92E6CF}.Release|Any CPU.Build.0 = Release|Any CPU
	EndGlobalSection
	GlobalSection(SolutionProperties) = preSolution
		HideSolutionNode = FALSE
	EndGlobalSection
	GlobalSection(ExtensibilityGlobals) = postSolution
		SolutionGuid = {F4732310-5377-4263-A1BD-DABBCA75CE36}
	EndGlobalSection
EndGlobal
